
Microsoft Visual Studio Solution File, Format Version 12.00
# Visual Studio Version 17
VisualStudioVersion = 17.6.33815.320
MinimumVisualStudioVersion = 10.0.40219.1
Project("{FAE04EC0-301F-11D3-BF4B-00C04F79EFBC}") = "DemoConsole", "DemoConsole\DemoConsole.csproj", "{E825AE99-5C9B-4B3A-B837-C6F5F2EC2DCF}"
EndProject
Global
	GlobalSection(SolutionConfigurationPlatforms) = preSolution
		Debug|Any CPU = Debug|Any CPU
		Release|Any CPU = Release|Any CPU
	EndGlobalSection
	GlobalSection(ProjectConfigurationPlatforms) = postSolution
		{E825AE99-5C9B-4B3A-B837-C6F5F2EC2DCF}.Debug|Any CPU.ActiveCfg = Debug|Any CPU
		{E825AE99-5C9B-4B3A-B837-C6F5F2EC2DCF}.Debug|Any CPU.Build.0 = Debug|Any CPU
		{E825AE99-5C9B-4B3A-B837-C6F5F2EC2DCF}.Release|Any CPU.ActiveCfg = Release|Any CPU
		{E825AE99-5C9B-4B3A-B837-C6F5F2EC2DCF}.Release|Any CPU.Build.0 = Release|Any CPU
	EndGlobalSection
	GlobalSection(SolutionProperties) = preSolution
		HideSolutionNode = FALSE
	EndGlobalSection
	GlobalSection(ExtensibilityGlobals) = postSolution
		SolutionGuid = {9988B32F-09E7-46CD-8AA9-03A1E0DB0DB0}
	EndGlobalSection
EndGlobal
